
Microsoft Visual Studio Solution File, Format Version 12.00
# Visual Studio Version 17
VisualStudioVersion = 17.4.33213.308
MinimumVisualStudioVersion = 10.0.40219.1
Project("{FAE04EC0-301F-11D3-BF4B-00C04F79EFBC}") = "CoinExchange", "CoinExchange\CoinExchange.csproj", "{77FA127B-159E-41A9-8E47-83DB7E8AB310}"
EndProject
Global
	GlobalSection(SolutionConfigurationPlatforms) = preSolution
		Debug|Any CPU = Debug|Any CPU
		Release|Any CPU = Release|Any CPU
	EndGlobalSection
	GlobalSection(ProjectConfigurationPlatforms) = postSolution
		{77FA127B-159E-41A9-8E47-83DB7E8AB310}.Debug|Any CPU.ActiveCfg = Debug|Any CPU
		{77FA127B-159E-41A9-8E47-83DB7E8AB310}.Debug|Any CPU.Build.0 = Debug|Any CPU
		{77FA127B-159E-41A9-8E47-83DB7E8AB310}.Release|Any CPU.ActiveCfg = Release|Any CPU
		{77FA127B-159E-41A9-8E47-83DB7E8AB310}.Release|Any CPU.Build.0 = Release|Any CPU
	EndGlobalSection
	GlobalSection(SolutionProperties) = preSolution
		HideSolutionNode = FALSE
	EndGlobalSection
	GlobalSection(ExtensibilityGlobals) = postSolution
		SolutionGuid = {0B0FEE76-906D-44BA-811B-44F399E436B5}
	EndGlobalSection
EndGlobal
